
Microsoft Visual Studio Solution File, Format Version 12.00
# Visual Studio Version 17
VisualStudioVersion = 17.6.33723.286
MinimumVisualStudioVersion = 10.0.40219.1
Project("{FAE04EC0-301F-11D3-BF4B-00C04F79EFBC}") = "PracticingC#", "PracticingC#\PracticingC#.csproj", "{EBC9C4CE-355A-4333-A094-E5772AFC3149}"
EndProject
Global
	GlobalSection(SolutionConfigurationPlatforms) = preSolution
		Debug|Any CPU = Debug|Any CPU
		Release|Any CPU = Release|Any CPU
	EndGlobalSection
	GlobalSection(ProjectConfigurationPlatforms) = postSolution
		{EBC9C4CE-355A-4333-A094-E5772AFC3149}.Debug|Any CPU.ActiveCfg = Debug|Any CPU
		{EBC9C4CE-355A-4333-A094-E5772AFC3149}.Debug|Any CPU.Build.0 = Debug|Any CPU
		{EBC9C4CE-355A-4333-A094-E5772AFC3149}.Release|Any CPU.ActiveCfg = Release|Any CPU
		{EBC9C4CE-355A-4333-A094-E5772AFC3149}.Release|Any CPU.Build.0 = Release|Any CPU
	EndGlobalSection
	GlobalSection(SolutionProperties) = preSolution
		HideSolutionNode = FALSE
	EndGlobalSection
	GlobalSection(ExtensibilityGlobals) = postSolution
		SolutionGuid = {9A309F4E-9434-4998-9A8C-560847F82F7A}
	EndGlobalSection
EndGlobal
